// !$*UTF8*$!
{
	archiveVersion = 1;
	classes = {
	};
	objectVersion = 56;
	objects = {

/* Begin PBXBuildFile section */
		63FAC7C628F9E083008CCB59 /* ExecutiveTimerApp.swift in Sources */ = {isa = PBXBuildFile; fileRef = 63FAC7C528F9E083008CCB59 /* ExecutiveTimerApp.swift */; };
		63FAC7C828F9E083008CCB59 /* ContentView.swift in Sources */ = {isa = PBXBuildFile; fileRef = 63FAC7C728F9E083008CCB59 /* ContentView.swift */; };
		63FAC7CA28F9E086008CCB59 /* Assets.xcassets in Resources */ = {isa = PBXBuildFile; fileRef = 63FAC7C928F9E086008CCB59 /* Assets.xcassets */; };
		63FAC7CE28F9E086008CCB59 /* Preview Assets.xcassets in Resources */ = {isa = PBXBuildFile; fileRef = 63FAC7CD28F9E086008CCB59 /* Preview Assets.xcassets */; };
		63FAC7D828F9E086008CCB59 /* ExecutiveTimerTests.swift in Sources */ = {isa = PBXBuildFile; fileRef = 63FAC7D728F9E086008CCB59 /* ExecutiveTimerTests.swift */; };
		63FAC7E228F9E086008CCB59 /* ExecutiveTimerUITests.swift in Sources */ = {isa = PBXBuildFile; fileRef = 63FAC7E128F9E086008CCB59 /* ExecutiveTimerUITests.swift */; };
		63FAC7E428F9E086008CCB59 /* ExecutiveTimerUITestsLaunchTests.swift in Sources */ = {isa = PBXBuildFile; fileRef = 63FAC7E328F9E086008CCB59 /* ExecutiveTimerUITestsLaunchTests.swift */; };
/* End PBXBuildFile section */

/* Begin PBXContainerItemProxy section */
		63FAC7D428F9E086008CCB59 /* PBXContainerItemProxy */ = {
			isa = PBXContainerItemProxy;
			containerPortal = 63FAC7BA28F9E083008CCB59 /* Project object */;
			proxyType = 1;
			remoteGlobalIDString = 63FAC7C128F9E083008CCB59;
			remoteInfo = ExecutiveTimer;
		};
		63FAC7DE28F9E086008CCB59 /* PBXContainerItemProxy */ = {
			isa = PBXContainerItemProxy;
			containerPortal = 63FAC7BA28F9E083008CCB59 /* Project object */;
			proxyType = 1;
			remoteGlobalIDString = 63FAC7C128F9E083008CCB59;
			remoteInfo = ExecutiveTimer;
		};
/* End PBXContainerItemProxy section */

/* Begin PBXFileReference section */
		63FAC7C228F9E083008CCB59 /* ExecutiveTimer.app */ = {isa = PBXFileReference; explicitFileType = wrapper.application; includeInIndex = 0; path = ExecutiveTimer.app; sourceTree = BUILT_PRODUCTS_DIR; };
		63FAC7C528F9E083008CCB59 /* ExecutiveTimerApp.swift */ = {isa = PBXFileReference; lastKnownFileType = sourcecode.swift; path = ExecutiveTimerApp.swift; sourceTree = "<group>"; };
		63FAC7C728F9E083008CCB59 /* ContentView.swift */ = {isa = PBXFileReference; lastKnownFileType = sourcecode.swift; path = ContentView.swift; sourceTree = "<group>"; };
		63FAC7C928F9E086008CCB59 /* Assets.xcassets */ = {isa = PBXFileReference; lastKnownFileType = folder.assetcatalog; path = Assets.xcassets; sourceTree = "<group>"; };
		63FAC7CB28F9E086008CCB59 /* ExecutiveTimer.entitlements */ = {isa = PBXFileReference; lastKnownFileType = text.plist.entitlements; path = ExecutiveTimer.entitlements; sourceTree = "<group>"; };
		63FAC7CD28F9E086008CCB59 /* Preview Assets.xcassets */ = {isa = PBXFileReference; lastKnownFileType = folder.assetcatalog; path = "Preview Assets.xcassets"; sourceTree = "<group>"; };
		63FAC7D328F9E086008CCB59 /* ExecutiveTimerTests.xctest */ = {isa = PBXFileReference; explicitFileType = wrapper.cfbundle; includeInIndex = 0; path = ExecutiveTimerTests.xctest; sourceTree = BUILT_PRODUCTS_DIR; };
		63FAC7D728F9E086008CCB59 /* ExecutiveTimerTests.swift */ = {isa = PBXFileReference; lastKnownFileType = sourcecode.swift; path = ExecutiveTimerTests.swift; sourceTree = "<group>"; };
		63FAC7DD28F9E086008CCB59 /* ExecutiveTimerUITests.xctest */ = {isa = PBXFileReference; explicitFileType = wrapper.cfbundle; includeInIndex = 0; path = ExecutiveTimerUITests.xctest; sourceTree = BUILT_PRODUCTS_DIR; };
		63FAC7E128F9E086008CCB59 /* ExecutiveTimerUITests.swift */ = {isa = PBXFileReference; lastKnownFileType = sourcecode.swift; path = ExecutiveTimerUITests.swift; sourceTree = "<group>"; };
		63FAC7E328F9E086008CCB59 /* ExecutiveTimerUITestsLaunchTests.swift */ = {isa = PBXFileReference; lastKnownFileType = sourcecode.swift; path = ExecutiveTimerUITestsLaunchTests.swift; sourceTree = "<group>"; };
/* End PBXFileReference section */

/* Begin PBXFrameworksBuildPhase section */
		63FAC7BF28F9E083008CCB59 /* Frameworks */ = {
			isa = PBXFrameworksBuildPhase;
			buildActionMask = 2147483647;
			files = (
			);
			runOnlyForDeploymentPostprocessing = 0;
		};
		63FAC7D028F9E086008CCB59 /* Frameworks */ = {
			isa = PBXFrameworksBuildPhase;
			buildActionMask = 2147483647;
			files = (
			);
			runOnlyForDeploymentPostprocessing = 0;
		};
		63FAC7DA28F9E086008CCB59 /* Frameworks */ = {
			isa = PBXFrameworksBuildPhase;
			buildActionMask = 2147483647;
			files = (
			);
			runOnlyForDeploymentPostprocessing = 0;
		};
/* End PBXFrameworksBuildPhase section */

/* Begin PBXGroup section */
		63FAC7B928F9E083008CCB59 = {
			isa = PBXGroup;
			children = (
				63FAC7C428F9E083008CCB59 /* ExecutiveTimer */,
				63FAC7D628F9E086008CCB59 /* ExecutiveTimerTests */,
				63FAC7E028F9E086008CCB59 /* ExecutiveTimerUITests */,
				63FAC7C328F9E083008CCB59 /* Products */,
			);
			sourceTree = "<group>";
		};
		63FAC7C328F9E083008CCB59 /* Products */ = {
			isa = PBXGroup;
			children = (
				63FAC7C228F9E083008CCB59 /* ExecutiveTimer.app */,
				63FAC7D328F9E086008CCB59 /* ExecutiveTimerTests.xctest */,
				63FAC7DD28F9E086008CCB59 /* ExecutiveTimerUITests.xctest */,
			);
			name = Products;
			sourceTree = "<group>";
		};
		63FAC7C428F9E083008CCB59 /* ExecutiveTimer */ = {
			isa = PBXGroup;
			children = (
				63FAC7C528F9E083008CCB59 /* ExecutiveTimerApp.swift */,
				63FAC7C728F9E083008CCB59 /* ContentView.swift */,
				63FAC7C928F9E086008CCB59 /* Assets.xcassets */,
				63FAC7CB28F9E086008CCB59 /* ExecutiveTimer.entitlements */,
				63FAC7CC28F9E086008CCB59 /* Preview Content */,
			);
			path = ExecutiveTimer;
			sourceTree = "<group>";
		};
		63FAC7CC28F9E086008CCB59 /* Preview Content */ = {
			isa = PBXGroup;
			children = (
				63FAC7CD28F9E086008CCB59 /* Preview Assets.xcassets */,
			);
			path = "Preview Content";
			sourceTree = "<group>";
		};
		63FAC7D628F9E086008CCB59 /* ExecutiveTimerTests */ = {
			isa = PBXGroup;
			children = (
				63FAC7D728F9E086008CCB59 /* ExecutiveTimerTests.swift */,
			);
			path = ExecutiveTimerTests;
			sourceTree = "<group>";
		};
		63FAC7E028F9E086008CCB59 /* ExecutiveTimerUITests */ = {
			isa = PBXGroup;
			children = (
				63FAC7E128F9E086008CCB59 /* ExecutiveTimerUITests.swift */,
				63FAC7E328F9E086008CCB59 /* ExecutiveTimerUITestsLaunchTests.swift */,
			);
			path = ExecutiveTimerUITests;
			sourceTree = "<group>";
		};
/* End PBXGroup section */

/* Begin PBXNativeTarget section */
		63FAC7C128F9E083008CCB59 /* ExecutiveTimer */ = {
			isa = PBXNativeTarget;
			buildConfigurationList = 63FAC7E728F9E086008CCB59 /* Build configuration list for PBXNativeTarget "ExecutiveTimer" */;
			buildPhases = (
				63FAC7BE28F9E083008CCB59 /* Sources */,
				63FAC7BF28F9E083008CCB59 /* Frameworks */,
				63FAC7C028F9E083008CCB59 /* Resources */,
			);
			buildRules = (
			);
			dependencies = (
			);
			name = ExecutiveTimer;
			productName = ExecutiveTimer;
			productReference = 63FAC7C228F9E083008CCB59 /* ExecutiveTimer.app */;
			productType = "com.apple.product-type.application";
		};
		63FAC7D228F9E086008CCB59 /* ExecutiveTimerTests */ = {
			isa = PBXNativeTarget;
			buildConfigurationList = 63FAC7EA28F9E086008CCB59 /* Build configuration list for PBXNativeTarget "ExecutiveTimerTests" */;
			buildPhases = (
				63FAC7CF28F9E086008CCB59 /* Sources */,
				63FAC7D028F9E086008CCB59 /* Frameworks */,
				63FAC7D128F9E086008CCB59 /* Resources */,
			);
			buildRules = (
			);
			dependencies = (
				63FAC7D528F9E086008CCB59 /* PBXTargetDependency */,
			);
			name = ExecutiveTimerTests;
			productName = ExecutiveTimerTests;
			productReference = 63FAC7D328F9E086008CCB59 /* ExecutiveTimerTests.xctest */;
			productType = "com.apple.product-type.bundle.unit-test";
		};
		63FAC7DC28F9E086008CCB59 /* ExecutiveTimerUITests */ = {
			isa = PBXNativeTarget;
			buildConfigurationList = 63FAC7ED28F9E086008CCB59 /* Build configuration list for PBXNativeTarget "ExecutiveTimerUITests" */;
			buildPhases = (
				63FAC7D928F9E086008CCB59 /* Sources */,
				63FAC7DA28F9E086008CCB59 /* Frameworks */,
				63FAC7DB28F9E086008CCB59 /* Resources */,
			);
			buildRules = (
			);
			dependencies = (
				63FAC7DF28F9E086008CCB59 /* PBXTargetDependency */,
			);
			name = ExecutiveTimerUITests;
			productName = ExecutiveTimerUITests;
			productReference = 63FAC7DD28F9E086008CCB59 /* ExecutiveTimerUITests.xctest */;
			productType = "com.apple.product-type.bundle.ui-testing";
		};
/* End PBXNativeTarget section */

/* Begin PBXProject section */
		63FAC7BA28F9E083008CCB59 /* Project object */ = {
			isa = PBXProject;
			attributes = {
				BuildIndependentTargetsInParallel = 1;
				LastSwiftUpdateCheck = 1400;
				LastUpgradeCheck = 1400;
				TargetAttributes = {
					63FAC7C128F9E083008CCB59 = {
						CreatedOnToolsVersion = 14.0.1;
					};
					63FAC7D228F9E086008CCB59 = {
						CreatedOnToolsVersion = 14.0.1;
						TestTargetID = 63FAC7C128F9E083008CCB59;
					};
					63FAC7DC28F9E086008CCB59 = {
						CreatedOnToolsVersion = 14.0.1;
						TestTargetID = 63FAC7C128F9E083008CCB59;
					};
				};
			};
			buildConfigurationList = 63FAC7BD28F9E083008CCB59 /* Build configuration list for PBXProject "ExecutiveTimer" */;
			compatibilityVersion = "Xcode 14.0";
			developmentRegion = en;
			hasScannedForEncodings = 0;
			knownRegions = (
				en,
				Base,
			);
			mainGroup = 63FAC7B928F9E083008CCB59;
			productRefGroup = 63FAC7C328F9E083008CCB59 /* Products */;
			projectDirPath = "";
			projectRoot = "";
			targets = (
				63FAC7C128F9E083008CCB59 /* ExecutiveTimer */,
				63FAC7D228F9E086008CCB59 /* ExecutiveTimerTests */,
				63FAC7DC28F9E086008CCB59 /* ExecutiveTimerUITests */,
			);
		};
/* End PBXProject section */

/* Begin PBXResourcesBuildPhase section */
		63FAC7C028F9E083008CCB59 /* Resources */ = {
			isa = PBXResourcesBuildPhase;
			buildActionMask = 2147483647;
			files = (
				63FAC7CE28F9E086008CCB59 /* Preview Assets.xcassets in Resources */,
				63FAC7CA28F9E086008CCB59 /* Assets.xcassets in Resources */,
			);
			runOnlyForDeploymentPostprocessing = 0;
		};
		63FAC7D128F9E086008CCB59 /* Resources */ = {
			isa = PBXResourcesBuildPhase;
			buildActionMask = 2147483647;
			files = (
			);
			runOnlyForDeploymentPostprocessing = 0;
		};
		63FAC7DB28F9E086008CCB59 /* Resources */ = {
			isa = PBXResourcesBuildPhase;
			buildActionMask = 2147483647;
			files = (
			);
			runOnlyForDeploymentPostprocessing = 0;
		};
/* End PBXResourcesBuildPhase section */

/* Begin PBXSourcesBuildPhase section */
		63FAC7BE28F9E083008CCB59 /* Sources */ = {
			isa = PBXSourcesBuildPhase;
			buildActionMask = 2147483647;
			files = (
				63FAC7C828F9E083008CCB59 /* ContentView.swift in Sources */,
				63FAC7C628F9E083008CCB59 /* ExecutiveTimerApp.swift in Sources */,
			);
			runOnlyForDeploymentPostprocessing = 0;
		};
		63FAC7CF28F9E086008CCB59 /* Sources */ = {
			isa = PBXSourcesBuildPhase;
			buildActionMask = 2147483647;
			files = (
				63FAC7D828F9E086008CCB59 /* ExecutiveTimerTests.swift in Sources */,
			);
			runOnlyForDeploymentPostprocessing = 0;
		};
		63FAC7D928F9E086008CCB59 /* Sources */ = {
			isa = PBXSourcesBuildPhase;
			buildActionMask = 2147483647;
			files = (
				63FAC7E228F9E086008CCB59 /* ExecutiveTimerUITests.swift in Sources */,
				63FAC7E428F9E086008CCB59 /* ExecutiveTimerUITestsLaunchTests.swift in Sources */,
			);
			runOnlyForDeploymentPostprocessing = 0;
		};
/* End PBXSourcesBuildPhase section */

/* Begin PBXTargetDependency section */
		63FAC7D528F9E086008CCB59 /* PBXTargetDependency */ = {
			isa = PBXTargetDependency;
			target = 63FAC7C128F9E083008CCB59 /* ExecutiveTimer */;
			targetProxy = 63FAC7D428F9E086008CCB59 /* PBXContainerItemProxy */;
		};
		63FAC7DF28F9E086008CCB59 /* PBXTargetDependency */ = {
			isa = PBXTargetDependency;
			target = 63FAC7C128F9E083008CCB59 /* ExecutiveTimer */;
			targetProxy = 63FAC7DE28F9E086008CCB59 /* PBXContainerItemProxy */;
		};
/* End PBXTargetDependency section */

/* Begin XCBuildConfiguration section */
		63FAC7E528F9E086008CCB59 /* Debug */ = {
			isa = XCBuildConfiguration;
			buildSettings = {
				ALWAYS_SEARCH_USER_PATHS = NO;
				CLANG_ANALYZER_NONNULL = YES;
				CLANG_ANALYZER_NUMBER_OBJECT_CONVERSION = YES_AGGRESSIVE;
				CLANG_CXX_LANGUAGE_STANDARD = "gnu++20";
				CLANG_ENABLE_MODULES = YES;
				CLANG_ENABLE_OBJC_ARC = YES;
				CLANG_ENABLE_OBJC_WEAK = YES;
				CLANG_WARN_BLOCK_CAPTURE_AUTORELEASING = YES;
				CLANG_WARN_BOOL_CONVERSION = YES;
				CLANG_WARN_COMMA = YES;
				CLANG_WARN_CONSTANT_CONVERSION = YES;
				CLANG_WARN_DEPRECATED_OBJC_IMPLEMENTATIONS = YES;
				CLANG_WARN_DIRECT_OBJC_ISA_USAGE = YES_ERROR;
				CLANG_WARN_DOCUMENTATION_COMMENTS = YES;
				CLANG_WARN_EMPTY_BODY = YES;
				CLANG_WARN_ENUM_CONVERSION = YES;
				CLANG_WARN_INFINITE_RECURSION = YES;
				CLANG_WARN_INT_CONVERSION = YES;
				CLANG_WARN_NON_LITERAL_NULL_CONVERSION = YES;
				CLANG_WARN_OBJC_IMPLICIT_RETAIN_SELF = YES;
				CLANG_WARN_OBJC_LITERAL_CONVERSION = YES;
				CLANG_WARN_OBJC_ROOT_CLASS = YES_ERROR;
				CLANG_WARN_QUOTED_INCLUDE_IN_FRAMEWORK_HEADER = YES;
				CLANG_WARN_RANGE_LOOP_ANALYSIS = YES;
				CLANG_WARN_STRICT_PROTOTYPES = YES;
				CLANG_WARN_SUSPICIOUS_MOVE = YES;
				CLANG_WARN_UNGUARDED_AVAILABILITY = YES_AGGRESSIVE;
				CLANG_WARN_UNREACHABLE_CODE = YES;
				CLANG_WARN__DUPLICATE_METHOD_MATCH = YES;
				COPY_PHASE_STRIP = NO;
				DEBUG_INFORMATION_FORMAT = dwarf;
				ENABLE_STRICT_OBJC_MSGSEND = YES;
				ENABLE_TESTABILITY = YES;
				GCC_C_LANGUAGE_STANDARD = gnu11;
				GCC_DYNAMIC_NO_PIC = NO;
				GCC_NO_COMMON_BLOCKS = YES;
				GCC_OPTIMIZATION_LEVEL = 0;
				GCC_PREPROCESSOR_DEFINITIONS = (
					"DEBUG=1",
					"$(inherited)",
				);
				GCC_WARN_64_TO_32_BIT_CONVERSION = YES;
				GCC_WARN_ABOUT_RETURN_TYPE = YES_ERROR;
				GCC_WARN_UNDECLARED_SELECTOR = YES;
				GCC_WARN_UNINITIALIZED_AUTOS = YES_AGGRESSIVE;
				GCC_WARN_UNUSED_FUNCTION = YES;
				GCC_WARN_UNUSED_VARIABLE = YES;
				MTL_ENABLE_DEBUG_INFO = INCLUDE_SOURCE;
				MTL_FAST_MATH = YES;
				ONLY_ACTIVE_ARCH = YES;
				SWIFT_ACTIVE_COMPILATION_CONDITIONS = DEBUG;
				SWIFT_OPTIMIZATION_LEVEL = "-Onone";
			};
			name = Debug;
		};
		63FAC7E628F9E086008CCB59 /* Release */ = {
			isa = XCBuildConfiguration;
			buildSettings = {
				ALWAYS_SEARCH_USER_PATHS = NO;
				CLANG_ANALYZER_NONNULL = YES;
				CLANG_ANALYZER_NUMBER_OBJECT_CONVERSION = YES_AGGRESSIVE;
				CLANG_CXX_LANGUAGE_STANDARD = "gnu++20";
				CLANG_ENABLE_MODULES = YES;
				CLANG_ENABLE_OBJC_ARC = YES;
				CLANG_ENABLE_OBJC_WEAK = YES;
				CLANG_WARN_BLOCK_CAPTURE_AUTORELEASING = YES;
				CLANG_WARN_BOOL_CONVERSION = YES;
				CLANG_WARN_COMMA = YES;
				CLANG_WARN_CONSTANT_CONVERSION = YES;
				CLANG_WARN_DEPRECATED_OBJC_IMPLEMENTATIONS = YES;
				CLANG_WARN_DIRECT_OBJC_ISA_USAGE = YES_ERROR;
				CLANG_WARN_DOCUMENTATION_COMMENTS = YES;
				CLANG_WARN_EMPTY_BODY = YES;
				CLANG_WARN_ENUM_CONVERSION = YES;
				CLANG_WARN_INFINITE_RECURSION = YES;
				CLANG_WARN_INT_CONVERSION = YES;
				CLANG_WARN_NON_LITERAL_NULL_CONVERSION = YES;
				CLANG_WARN_OBJC_IMPLICIT_RETAIN_SELF = YES;
				CLANG_WARN_OBJC_LITERAL_CONVERSION = YES;
				CLANG_WARN_OBJC_ROOT_CLASS = YES_ERROR;
				CLANG_WARN_QUOTED_INCLUDE_IN_FRAMEWORK_HEADER = YES;
				CLANG_WARN_RANGE_LOOP_ANALYSIS = YES;
				CLANG_WARN_STRICT_PROTOTYPES = YES;
				CLANG_WARN_SUSPICIOUS_MOVE = YES;
				CLANG_WARN_UNGUARDED_AVAILABILITY = YES_AGGRESSIVE;
				CLANG_WARN_UNREACHABLE_CODE = YES;
				CLANG_WARN__DUPLICATE_METHOD_MATCH = YES;
				COPY_PHASE_STRIP = NO;
				DEBUG_INFORMATION_FORMAT = "dwarf-with-dsym";
				ENABLE_NS_ASSERTIONS = NO;
				ENABLE_STRICT_OBJC_MSGSEND = YES;
				GCC_C_LANGUAGE_STANDARD = gnu11;
				GCC_NO_COMMON_BLOCKS = YES;
				GCC_WARN_64_TO_32_BIT_CONVERSION = YES;
				GCC_WARN_ABOUT_RETURN_TYPE = YES_ERROR;
				GCC_WARN_UNDECLARED_SELECTOR = YES;
				GCC_WARN_UNINITIALIZED_AUTOS = YES_AGGRESSIVE;
				GCC_WARN_UNUSED_FUNCTION = YES;
				GCC_WARN_UNUSED_VARIABLE = YES;
				MTL_ENABLE_DEBUG_INFO = NO;
				MTL_FAST_MATH = YES;
				SWIFT_COMPILATION_MODE = wholemodule;
				SWIFT_OPTIMIZATION_LEVEL = "-O";
			};
			name = Release;
		};
		63FAC7E828F9E086008CCB59 /* Debug */ = {
			isa = XCBuildConfiguration;
			buildSettings = {
				ASSETCATALOG_COMPILER_APPICON_NAME = AppIcon;
				ASSETCATALOG_COMPILER_GLOBAL_ACCENT_COLOR_NAME = AccentColor;
				CODE_SIGN_ENTITLEMENTS = ExecutiveTimer/ExecutiveTimer.entitlements;
				CODE_SIGN_STYLE = Automatic;
				CURRENT_PROJECT_VERSION = 1;
				DEVELOPMENT_ASSET_PATHS = "\"ExecutiveTimer/Preview Content\"";
				ENABLE_PREVIEWS = YES;
				GENERATE_INFOPLIST_FILE = YES;
				"INFOPLIST_KEY_UIApplicationSceneManifest_Generation[sdk=iphoneos*]" = YES;
				"INFOPLIST_KEY_UIApplicationSceneManifest_Generation[sdk=iphonesimulator*]" = YES;
				"INFOPLIST_KEY_UIApplicationSupportsIndirectInputEvents[sdk=iphoneos*]" = YES;
				"INFOPLIST_KEY_UIApplicationSupportsIndirectInputEvents[sdk=iphonesimulator*]" = YES;
				"INFOPLIST_KEY_UILaunchScreen_Generation[sdk=iphoneos*]" = YES;
				"INFOPLIST_KEY_UILaunchScreen_Generation[sdk=iphonesimulator*]" = YES;
				"INFOPLIST_KEY_UIStatusBarStyle[sdk=iphoneos*]" = UIStatusBarStyleDefault;
				"INFOPLIST_KEY_UIStatusBarStyle[sdk=iphonesimulator*]" = UIStatusBarStyleDefault;
				INFOPLIST_KEY_UISupportedInterfaceOrientations_iPad = "UIInterfaceOrientationPortrait UIInterfaceOrientationPortraitUpsideDown UIInterfaceOrientationLandscapeLeft UIInterfaceOrientationLandscapeRight";
				INFOPLIST_KEY_UISupportedInterfaceOrientations_iPhone = "UIInterfaceOrientationPortrait UIInterfaceOrientationLandscapeLeft UIInterfaceOrientationLandscapeRight";
				IPHONEOS_DEPLOYMENT_TARGET = 16.0;
				LD_RUNPATH_SEARCH_PATHS = "@executable_path/Frameworks";
				"LD_RUNPATH_SEARCH_PATHS[sdk=macosx*]" = "@executable_path/../Frameworks";
				MACOSX_DEPLOYMENT_TARGET = 12.3;
				MARKETING_VERSION = 1.0;
				PRODUCT_BUNDLE_IDENTIFIER = io.erehsawsaltul.ExecutiveTimer;
				PRODUCT_NAME = "$(TARGET_NAME)";
				SDKROOT = auto;
				SUPPORTED_PLATFORMS = "iphoneos iphonesimulator macosx";
				SWIFT_EMIT_LOC_STRINGS = YES;
				SWIFT_VERSION = 5.0;
				TARGETED_DEVICE_FAMILY = "1,2";
			};
			name = Debug;
		};
		63FAC7E928F9E086008CCB59 /* Release */ = {
			isa = XCBuildConfiguration;
			buildSettings = {
				ASSETCATALOG_COMPILER_APPICON_NAME = AppIcon;
				ASSETCATALOG_COMPILER_GLOBAL_ACCENT_COLOR_NAME = AccentColor;
				CODE_SIGN_ENTITLEMENTS = ExecutiveTimer/ExecutiveTimer.entitlements;
				CODE_SIGN_STYLE = Automatic;
				CURRENT_PROJECT_VERSION = 1;
				DEVELOPMENT_ASSET_PATHS = "\"ExecutiveTimer/Preview Content\"";
				ENABLE_PREVIEWS = YES;
				GENERATE_INFOPLIST_FILE = YES;
				"INFOPLIST_KEY_UIApplicationSceneManifest_Generation[sdk=iphoneos*]" = YES;
				"INFOPLIST_KEY_UIApplicationSceneManifest_Generation[sdk=iphonesimulator*]" = YES;
				"INFOPLIST_KEY_UIApplicationSupportsIndirectInputEvents[sdk=iphoneos*]" = YES;
				"INFOPLIST_KEY_UIApplicationSupportsIndirectInputEvents[sdk=iphonesimulator*]" = YES;
				"INFOPLIST_KEY_UILaunchScreen_Generation[sdk=iphoneos*]" = YES;
				"INFOPLIST_KEY_UILaunchScreen_Generation[sdk=iphonesimulator*]" = YES;
				"INFOPLIST_KEY_UIStatusBarStyle[sdk=iphoneos*]" = UIStatusBarStyleDefault;
				"INFOPLIST_KEY_UIStatusBarStyle[sdk=iphonesimulator*]" = UIStatusBarStyleDefault;
				INFOPLIST_KEY_UISupportedInterfaceOrientations_iPad = "UIInterfaceOrientationPortrait UIInterfaceOrientationPortraitUpsideDown UIInterfaceOrientationLandscapeLeft UIInterfaceOrientationLandscapeRight";
				INFOPLIST_KEY_UISupportedInterfaceOrientations_iPhone = "UIInterfaceOrientationPortrait UIInterfaceOrientationLandscapeLeft UIInterfaceOrientationLandscapeRight";
				IPHONEOS_DEPLOYMENT_TARGET = 16.0;
				LD_RUNPATH_SEARCH_PATHS = "@executable_path/Frameworks";
				"LD_RUNPATH_SEARCH_PATHS[sdk=macosx*]" = "@executable_path/../Frameworks";
				MACOSX_DEPLOYMENT_TARGET = 12.3;
				MARKETING_VERSION = 1.0;
				PRODUCT_BUNDLE_IDENTIFIER = io.erehsawsaltul.ExecutiveTimer;
				PRODUCT_NAME = "$(TARGET_NAME)";
				SDKROOT = auto;
				SUPPORTED_PLATFORMS = "iphoneos iphonesimulator macosx";
				SWIFT_EMIT_LOC_STRINGS = YES;
				SWIFT_VERSION = 5.0;
				TARGETED_DEVICE_FAMILY = "1,2";
			};
			name = Release;
		};
		63FAC7EB28F9E086008CCB59 /* Debug */ = {
			isa = XCBuildConfiguration;
			buildSettings = {
				ALWAYS_EMBED_SWIFT_STANDARD_LIBRARIES = YES;
				BUNDLE_LOADER = "$(TEST_HOST)";
				CODE_SIGN_STYLE = Automatic;
				CURRENT_PROJECT_VERSION = 1;
				GENERATE_INFOPLIST_FILE = YES;
				IPHONEOS_DEPLOYMENT_TARGET = 16.0;
				MACOSX_DEPLOYMENT_TARGET = 12.3;
				MARKETING_VERSION = 1.0;
				PRODUCT_BUNDLE_IDENTIFIER = io.erehsawsaltul.ExecutiveTimerTests;
				PRODUCT_NAME = "$(TARGET_NAME)";
				SDKROOT = auto;
				SUPPORTED_PLATFORMS = "iphoneos iphonesimulator macosx";
				SWIFT_EMIT_LOC_STRINGS = NO;
				SWIFT_VERSION = 5.0;
				TARGETED_DEVICE_FAMILY = "1,2";
				TEST_HOST = "$(BUILT_PRODUCTS_DIR)/ExecutiveTimer.app/$(BUNDLE_EXECUTABLE_FOLDER_PATH)/ExecutiveTimer";
			};
			name = Debug;
		};
		63FAC7EC28F9E086008CCB59 /* Release */ = {
			isa = XCBuildConfiguration;
			buildSettings = {
				ALWAYS_EMBED_SWIFT_STANDARD_LIBRARIES = YES;
				BUNDLE_LOADER = "$(TEST_HOST)";
				CODE_SIGN_STYLE = Automatic;
				CURRENT_PROJECT_VERSION = 1;
				GENERATE_INFOPLIST_FILE = YES;
				IPHONEOS_DEPLOYMENT_TARGET = 16.0;
				MACOSX_DEPLOYMENT_TARGET = 12.3;
				MARKETING_VERSION = 1.0;
				PRODUCT_BUNDLE_IDENTIFIER = io.erehsawsaltul.ExecutiveTimerTests;
				PRODUCT_NAME = "$(TARGET_NAME)";
				SDKROOT = auto;
				SUPPORTED_PLATFORMS = "iphoneos iphonesimulator macosx";
				SWIFT_EMIT_LOC_STRINGS = NO;
				SWIFT_VERSION = 5.0;
				TARGETED_DEVICE_FAMILY = "1,2";
				TEST_HOST = "$(BUILT_PRODUCTS_DIR)/ExecutiveTimer.app/$(BUNDLE_EXECUTABLE_FOLDER_PATH)/ExecutiveTimer";
			};
			name = Release;
		};
		63FAC7EE28F9E086008CCB59 /* Debug */ = {
			isa = XCBuildConfiguration;
			buildSettings = {
				ALWAYS_EMBED_SWIFT_STANDARD_LIBRARIES = YES;
				CODE_SIGN_STYLE = Automatic;
				CURRENT_PROJECT_VERSION = 1;
				GENERATE_INFOPLIST_FILE = YES;
				IPHONEOS_DEPLOYMENT_TARGET = 16.0;
				MACOSX_DEPLOYMENT_TARGET = 12.3;
				MARKETING_VERSION = 1.0;
				PRODUCT_BUNDLE_IDENTIFIER = io.erehsawsaltul.ExecutiveTimerUITests;
				PRODUCT_NAME = "$(TARGET_NAME)";
				SDKROOT = auto;
				SUPPORTED_PLATFORMS = "iphoneos iphonesimulator macosx";
				SWIFT_EMIT_LOC_STRINGS = NO;
				SWIFT_VERSION = 5.0;
				TARGETED_DEVICE_FAMILY = "1,2";
				TEST_TARGET_NAME = ExecutiveTimer;
			};
			name = Debug;
		};
		63FAC7EF28F9E086008CCB59 /* Release */ = {
			isa = XCBuildConfiguration;
			buildSettings = {
				ALWAYS_EMBED_SWIFT_STANDARD_LIBRARIES = YES;
				CODE_SIGN_STYLE = Automatic;
				CURRENT_PROJECT_VERSION = 1;
				GENERATE_INFOPLIST_FILE = YES;
				IPHONEOS_DEPLOYMENT_TARGET = 16.0;
				MACOSX_DEPLOYMENT_TARGET = 12.3;
				MARKETING_VERSION = 1.0;
				PRODUCT_BUNDLE_IDENTIFIER = io.erehsawsaltul.ExecutiveTimerUITests;
				PRODUCT_NAME = "$(TARGET_NAME)";
				SDKROOT = auto;
				SUPPORTED_PLATFORMS = "iphoneos iphonesimulator macosx";
				SWIFT_EMIT_LOC_STRINGS = NO;
				SWIFT_VERSION = 5.0;
				TARGETED_DEVICE_FAMILY = "1,2";
				TEST_TARGET_NAME = ExecutiveTimer;
			};
			name = Release;
		};
/* End XCBuildConfiguration section */

/* Begin XCConfigurationList section */
		63FAC7BD28F9E083008CCB59 /* Build configuration list for PBXProject "ExecutiveTimer" */ = {
			isa = XCConfigurationList;
			buildConfigurations = (
				63FAC7E528F9E086008CCB59 /* Debug */,
				63FAC7E628F9E086008CCB59 /* Release */,
			);
			defaultConfigurationIsVisible = 0;
			defaultConfigurationName = Release;
		};
		63FAC7E728F9E086008CCB59 /* Build configuration list for PBXNativeTarget "ExecutiveTimer" */ = {
			isa = XCConfigurationList;
			buildConfigurations = (
				63FAC7E828F9E086008CCB59 /* Debug */,
				63FAC7E928F9E086008CCB59 /* Release */,
			);
			defaultConfigurationIsVisible = 0;
			defaultConfigurationName = Release;
		};
		63FAC7EA28F9E086008CCB59 /* Build configuration list for PBXNativeTarget "ExecutiveTimerTests" */ = {
			isa = XCConfigurationList;
			buildConfigurations = (
				63FAC7EB28F9E086008CCB59 /* Debug */,
				63FAC7EC28F9E086008CCB59 /* Release */,
			);
			defaultConfigurationIsVisible = 0;
			defaultConfigurationName = Release;
		};
		63FAC7ED28F9E086008CCB59 /* Build configuration list for PBXNativeTarget "ExecutiveTimerUITests" */ = {
			isa = XCConfigurationList;
			buildConfigurations = (
				63FAC7EE28F9E086008CCB59 /* Debug */,
				63FAC7EF28F9E086008CCB59 /* Release */,
			);
			defaultConfigurationIsVisible = 0;
			defaultConfigurationName = Release;
		};
/* End XCConfigurationList section */
	};
	rootObject = 63FAC7BA28F9E083008CCB59 /* Project object */;
}
